
Microsoft Visual Studio Solution File, Format Version 12.00
# Visual Studio Version 16
VisualStudioVersion = 16.0.31515.178
MinimumVisualStudioVersion = 10.0.40219.1
Project("{FAE04EC0-301F-11D3-BF4B-00C04F79EFBC}") = "RegisterParcelsFromPC", "RegisterParcelsFromPC.csproj", "{55DEA23D-B183-4574-BE19-4154D8AE06B2}"
EndProject
Global
	GlobalSection(SolutionConfigurationPlatforms) = preSolution
		Debug|Any CPU = Debug|Any CPU
		Release|Any CPU = Release|Any CPU
	EndGlobalSection
	GlobalSection(ProjectConfigurationPlatforms) = postSolution
		{55DEA23D-B183-4574-BE19-4154D8AE06B2}.Debug|Any CPU.ActiveCfg = Debug|Any CPU
		{55DEA23D-B183-4574-BE19-4154D8AE06B2}.Debug|Any CPU.Build.0 = Debug|Any CPU
		{55DEA23D-B183-4574-BE19-4154D8AE06B2}.Release|Any CPU.ActiveCfg = Release|Any CPU
		{55DEA23D-B183-4574-BE19-4154D8AE06B2}.Release|Any CPU.Build.0 = Release|Any CPU
	EndGlobalSection
	GlobalSection(SolutionProperties) = preSolution
		HideSolutionNode = FALSE
	EndGlobalSection
	GlobalSection(ExtensibilityGlobals) = postSolution
		SolutionGuid = {6DE2FCF3-A031-461B-82FE-E8758245253B}
	EndGlobalSection
EndGlobal
